// !$*UTF8*$!
{
	archiveVersion = 1;
	classes = {
	};
	objectVersion = 50;
	objects = {

/* Begin PBXBuildFile section */
		933DE5662740FF9200B8E139 /* AppDelegate.swift in Sources */ = {isa = PBXBuildFile; fileRef = 933DE5652740FF9200B8E139 /* AppDelegate.swift */; };
		933DE5682740FF9200B8E139 /* SceneDelegate.swift in Sources */ = {isa = PBXBuildFile; fileRef = 933DE5672740FF9200B8E139 /* SceneDelegate.swift */; };
		933DE56F2740FF9700B8E139 /* Assets.xcassets in Resources */ = {isa = PBXBuildFile; fileRef = 933DE56E2740FF9700B8E139 /* Assets.xcassets */; };
		933DE5722740FF9700B8E139 /* LaunchScreen.storyboard in Resources */ = {isa = PBXBuildFile; fileRef = 933DE5702740FF9700B8E139 /* LaunchScreen.storyboard */; };
		933DE57D2740FF9700B8E139 /* MandalaTests.swift in Sources */ = {isa = PBXBuildFile; fileRef = 933DE57C2740FF9700B8E139 /* MandalaTests.swift */; };
		933DE5882740FF9700B8E139 /* MandalaUITests.swift in Sources */ = {isa = PBXBuildFile; fileRef = 933DE5872740FF9700B8E139 /* MandalaUITests.swift */; };
		933DE59627410B2800B8E139 /* Mood.swift in Sources */ = {isa = PBXBuildFile; fileRef = 933DE59527410B2800B8E139 /* Mood.swift */; };
		933DE59827410B6300B8E139 /* MoodEntry.swift in Sources */ = {isa = PBXBuildFile; fileRef = 933DE59727410B6300B8E139 /* MoodEntry.swift */; };
		933DE59A2741125E00B8E139 /* UIColor+Mandala.swift in Sources */ = {isa = PBXBuildFile; fileRef = 933DE5992741125E00B8E139 /* UIColor+Mandala.swift */; };
		933DE59C274112C800B8E139 /* UIImage+Mandala.swift in Sources */ = {isa = PBXBuildFile; fileRef = 933DE59B274112C800B8E139 /* UIImage+Mandala.swift */; };
		93A92F0D2744E2A900931774 /* MoodSelectionViewController.swift in Sources */ = {isa = PBXBuildFile; fileRef = 93A92F0C2744E2A900931774 /* MoodSelectionViewController.swift */; };
/* End PBXBuildFile section */

/* Begin PBXContainerItemProxy section */
		933DE5792740FF9700B8E139 /* PBXContainerItemProxy */ = {
			isa = PBXContainerItemProxy;
			containerPortal = 933DE55A2740FF9200B8E139 /* Project object */;
			proxyType = 1;
			remoteGlobalIDString = 933DE5612740FF9200B8E139;
			remoteInfo = Mandala;
		};
		933DE5842740FF9700B8E139 /* PBXContainerItemProxy */ = {
			isa = PBXContainerItemProxy;
			containerPortal = 933DE55A2740FF9200B8E139 /* Project object */;
			proxyType = 1;
			remoteGlobalIDString = 933DE5612740FF9200B8E139;
			remoteInfo = Mandala;
		};
/* End PBXContainerItemProxy section */

/* Begin PBXFileReference section */
		933DE5622740FF9200B8E139 /* Mandala.app */ = {isa = PBXFileReference; explicitFileType = wrapper.application; includeInIndex = 0; path = Mandala.app; sourceTree = BUILT_PRODUCTS_DIR; };
		933DE5652740FF9200B8E139 /* AppDelegate.swift */ = {isa = PBXFileReference; lastKnownFileType = sourcecode.swift; path = AppDelegate.swift; sourceTree = "<group>"; };
		933DE5672740FF9200B8E139 /* SceneDelegate.swift */ = {isa = PBXFileReference; lastKnownFileType = sourcecode.swift; path = SceneDelegate.swift; sourceTree = "<group>"; };
		933DE56E2740FF9700B8E139 /* Assets.xcassets */ = {isa = PBXFileReference; lastKnownFileType = folder.assetcatalog; path = Assets.xcassets; sourceTree = "<group>"; };
		933DE5712740FF9700B8E139 /* Base */ = {isa = PBXFileReference; lastKnownFileType = file.storyboard; name = Base; path = Base.lproj/LaunchScreen.storyboard; sourceTree = "<group>"; };
		933DE5732740FF9700B8E139 /* Info.plist */ = {isa = PBXFileReference; lastKnownFileType = text.plist.xml; path = Info.plist; sourceTree = "<group>"; };
		933DE5782740FF9700B8E139 /* MandalaTests.xctest */ = {isa = PBXFileReference; explicitFileType = wrapper.cfbundle; includeInIndex = 0; path = MandalaTests.xctest; sourceTree = BUILT_PRODUCTS_DIR; };
		933DE57C2740FF9700B8E139 /* MandalaTests.swift */ = {isa = PBXFileReference; lastKnownFileType = sourcecode.swift; path = MandalaTests.swift; sourceTree = "<group>"; };
		933DE57E2740FF9700B8E139 /* Info.plist */ = {isa = PBXFileReference; lastKnownFileType = text.plist.xml; path = Info.plist; sourceTree = "<group>"; };
		933DE5832740FF9700B8E139 /* MandalaUITests.xctest */ = {isa = PBXFileReference; explicitFileType = wrapper.cfbundle; includeInIndex = 0; path = MandalaUITests.xctest; sourceTree = BUILT_PRODUCTS_DIR; };
		933DE5872740FF9700B8E139 /* MandalaUITests.swift */ = {isa = PBXFileReference; lastKnownFileType = sourcecode.swift; path = MandalaUITests.swift; sourceTree = "<group>"; };
		933DE5892740FF9700B8E139 /* Info.plist */ = {isa = PBXFileReference; lastKnownFileType = text.plist.xml; path = Info.plist; sourceTree = "<group>"; };
		933DE59527410B2800B8E139 /* Mood.swift */ = {isa = PBXFileReference; lastKnownFileType = sourcecode.swift; path = Mood.swift; sourceTree = "<group>"; };
		933DE59727410B6300B8E139 /* MoodEntry.swift */ = {isa = PBXFileReference; lastKnownFileType = sourcecode.swift; path = MoodEntry.swift; sourceTree = "<group>"; };
		933DE5992741125E00B8E139 /* UIColor+Mandala.swift */ = {isa = PBXFileReference; lastKnownFileType = sourcecode.swift; path = "UIColor+Mandala.swift"; sourceTree = "<group>"; };
		933DE59B274112C800B8E139 /* UIImage+Mandala.swift */ = {isa = PBXFileReference; lastKnownFileType = sourcecode.swift; path = "UIImage+Mandala.swift"; sourceTree = "<group>"; };
		93A92F0C2744E2A900931774 /* MoodSelectionViewController.swift */ = {isa = PBXFileReference; lastKnownFileType = sourcecode.swift; path = MoodSelectionViewController.swift; sourceTree = "<group>"; };
/* End PBXFileReference section */

/* Begin PBXFrameworksBuildPhase section */
		933DE55F2740FF9200B8E139 /* Frameworks */ = {
			isa = PBXFrameworksBuildPhase;
			buildActionMask = 2147483647;
			files = (
			);
			runOnlyForDeploymentPostprocessing = 0;
		};
		933DE5752740FF9700B8E139 /* Frameworks */ = {
			isa = PBXFrameworksBuildPhase;
			buildActionMask = 2147483647;
			files = (
			);
			runOnlyForDeploymentPostprocessing = 0;
		};
		933DE5802740FF9700B8E139 /* Frameworks */ = {
			isa = PBXFrameworksBuildPhase;
			buildActionMask = 2147483647;
			files = (
			);
			runOnlyForDeploymentPostprocessing = 0;
		};
/* End PBXFrameworksBuildPhase section */

/* Begin PBXGroup section */
		933DE5592740FF9200B8E139 = {
			isa = PBXGroup;
			children = (
				933DE5642740FF9200B8E139 /* Mandala */,
				933DE57B2740FF9700B8E139 /* MandalaTests */,
				933DE5862740FF9700B8E139 /* MandalaUITests */,
				933DE5632740FF9200B8E139 /* Products */,
			);
			sourceTree = "<group>";
		};
		933DE5632740FF9200B8E139 /* Products */ = {
			isa = PBXGroup;
			children = (
				933DE5622740FF9200B8E139 /* Mandala.app */,
				933DE5782740FF9700B8E139 /* MandalaTests.xctest */,
				933DE5832740FF9700B8E139 /* MandalaUITests.xctest */,
			);
			name = Products;
			sourceTree = "<group>";
		};
		933DE5642740FF9200B8E139 /* Mandala */ = {
			isa = PBXGroup;
			children = (
				933DE5652740FF9200B8E139 /* AppDelegate.swift */,
				933DE5672740FF9200B8E139 /* SceneDelegate.swift */,
				933DE59527410B2800B8E139 /* Mood.swift */,
				93A92F0C2744E2A900931774 /* MoodSelectionViewController.swift */,
				933DE59727410B6300B8E139 /* MoodEntry.swift */,
				933DE5992741125E00B8E139 /* UIColor+Mandala.swift */,
				933DE59B274112C800B8E139 /* UIImage+Mandala.swift */,
				933DE56E2740FF9700B8E139 /* Assets.xcassets */,
				933DE5702740FF9700B8E139 /* LaunchScreen.storyboard */,
				933DE5732740FF9700B8E139 /* Info.plist */,
			);
			path = Mandala;
			sourceTree = "<group>";
		};
		933DE57B2740FF9700B8E139 /* MandalaTests */ = {
			isa = PBXGroup;
			children = (
				933DE57C2740FF9700B8E139 /* MandalaTests.swift */,
				933DE57E2740FF9700B8E139 /* Info.plist */,
			);
			path = MandalaTests;
			sourceTree = "<group>";
		};
		933DE5862740FF9700B8E139 /* MandalaUITests */ = {
			isa = PBXGroup;
			children = (
				933DE5872740FF9700B8E139 /* MandalaUITests.swift */,
				933DE5892740FF9700B8E139 /* Info.plist */,
			);
			path = MandalaUITests;
			sourceTree = "<group>";
		};
/* End PBXGroup section */

/* Begin PBXNativeTarget section */
		933DE5612740FF9200B8E139 /* Mandala */ = {
			isa = PBXNativeTarget;
			buildConfigurationList = 933DE58C2740FF9700B8E139 /* Build configuration list for PBXNativeTarget "Mandala" */;
			buildPhases = (
				933DE55E2740FF9200B8E139 /* Sources */,
				933DE55F2740FF9200B8E139 /* Frameworks */,
				933DE5602740FF9200B8E139 /* Resources */,
			);
			buildRules = (
			);
			dependencies = (
			);
			name = Mandala;
			productName = Mandala;
			productReference = 933DE5622740FF9200B8E139 /* Mandala.app */;
			productType = "com.apple.product-type.application";
		};
		933DE5772740FF9700B8E139 /* MandalaTests */ = {
			isa = PBXNativeTarget;
			buildConfigurationList = 933DE58F2740FF9700B8E139 /* Build configuration list for PBXNativeTarget "MandalaTests" */;
			buildPhases = (
				933DE5742740FF9700B8E139 /* Sources */,
				933DE5752740FF9700B8E139 /* Frameworks */,
				933DE5762740FF9700B8E139 /* Resources */,
			);
			buildRules = (
			);
			dependencies = (
				933DE57A2740FF9700B8E139 /* PBXTargetDependency */,
			);
			name = MandalaTests;
			productName = MandalaTests;
			productReference = 933DE5782740FF9700B8E139 /* MandalaTests.xctest */;
			productType = "com.apple.product-type.bundle.unit-test";
		};
		933DE5822740FF9700B8E139 /* MandalaUITests */ = {
			isa = PBXNativeTarget;
			buildConfigurationList = 933DE5922740FF9700B8E139 /* Build configuration list for PBXNativeTarget "MandalaUITests" */;
			buildPhases = (
				933DE57F2740FF9700B8E139 /* Sources */,
				933DE5802740FF9700B8E139 /* Frameworks */,
				933DE5812740FF9700B8E139 /* Resources */,
			);
			buildRules = (
			);
			dependencies = (
				933DE5852740FF9700B8E139 /* PBXTargetDependency */,
			);
			name = MandalaUITests;
			productName = MandalaUITests;
			productReference = 933DE5832740FF9700B8E139 /* MandalaUITests.xctest */;
			productType = "com.apple.product-type.bundle.ui-testing";
		};
/* End PBXNativeTarget section */

/* Begin PBXProject section */
		933DE55A2740FF9200B8E139 /* Project object */ = {
			isa = PBXProject;
			attributes = {
				LastSwiftUpdateCheck = 1250;
				LastUpgradeCheck = 1250;
				TargetAttributes = {
					933DE5612740FF9200B8E139 = {
						CreatedOnToolsVersion = 12.5.1;
					};
					933DE5772740FF9700B8E139 = {
						CreatedOnToolsVersion = 12.5.1;
						TestTargetID = 933DE5612740FF9200B8E139;
					};
					933DE5822740FF9700B8E139 = {
						CreatedOnToolsVersion = 12.5.1;
						TestTargetID = 933DE5612740FF9200B8E139;
					};
				};
			};
			buildConfigurationList = 933DE55D2740FF9200B8E139 /* Build configuration list for PBXProject "Mandala" */;
			compatibilityVersion = "Xcode 9.3";
			developmentRegion = en;
			hasScannedForEncodings = 0;
			knownRegions = (
				en,
				Base,
			);
			mainGroup = 933DE5592740FF9200B8E139;
			productRefGroup = 933DE5632740FF9200B8E139 /* Products */;
			projectDirPath = "";
			projectRoot = "";
			targets = (
				933DE5612740FF9200B8E139 /* Mandala */,
				933DE5772740FF9700B8E139 /* MandalaTests */,
				933DE5822740FF9700B8E139 /* MandalaUITests */,
			);
		};
/* End PBXProject section */

/* Begin PBXResourcesBuildPhase section */
		933DE5602740FF9200B8E139 /* Resources */ = {
			isa = PBXResourcesBuildPhase;
			buildActionMask = 2147483647;
			files = (
				933DE5722740FF9700B8E139 /* LaunchScreen.storyboard in Resources */,
				933DE56F2740FF9700B8E139 /* Assets.xcassets in Resources */,
			);
			runOnlyForDeploymentPostprocessing = 0;
		};
		933DE5762740FF9700B8E139 /* Resources */ = {
			isa = PBXResourcesBuildPhase;
			buildActionMask = 2147483647;
			files = (
			);
			runOnlyForDeploymentPostprocessing = 0;
		};
		933DE5812740FF9700B8E139 /* Resources */ = {
			isa = PBXResourcesBuildPhase;
			buildActionMask = 2147483647;
			files = (
			);
			runOnlyForDeploymentPostprocessing = 0;
		};
/* End PBXResourcesBuildPhase section */

/* Begin PBXSourcesBuildPhase section */
		933DE55E2740FF9200B8E139 /* Sources */ = {
			isa = PBXSourcesBuildPhase;
			buildActionMask = 2147483647;
			files = (
				933DE5662740FF9200B8E139 /* AppDelegate.swift in Sources */,
				933DE59627410B2800B8E139 /* Mood.swift in Sources */,
				933DE59A2741125E00B8E139 /* UIColor+Mandala.swift in Sources */,
				933DE5682740FF9200B8E139 /* SceneDelegate.swift in Sources */,
				93A92F0D2744E2A900931774 /* MoodSelectionViewController.swift in Sources */,
				933DE59C274112C800B8E139 /* UIImage+Mandala.swift in Sources */,
				933DE59827410B6300B8E139 /* MoodEntry.swift in Sources */,
			);
			runOnlyForDeploymentPostprocessing = 0;
		};
		933DE5742740FF9700B8E139 /* Sources */ = {
			isa = PBXSourcesBuildPhase;
			buildActionMask = 2147483647;
			files = (
				933DE57D2740FF9700B8E139 /* MandalaTests.swift in Sources */,
			);
			runOnlyForDeploymentPostprocessing = 0;
		};
		933DE57F2740FF9700B8E139 /* Sources */ = {
			isa = PBXSourcesBuildPhase;
			buildActionMask = 2147483647;
			files = (
				933DE5882740FF9700B8E139 /* MandalaUITests.swift in Sources */,
			);
			runOnlyForDeploymentPostprocessing = 0;
		};
/* End PBXSourcesBuildPhase section */

/* Begin PBXTargetDependency section */
		933DE57A2740FF9700B8E139 /* PBXTargetDependency */ = {
			isa = PBXTargetDependency;
			target = 933DE5612740FF9200B8E139 /* Mandala */;
			targetProxy = 933DE5792740FF9700B8E139 /* PBXContainerItemProxy */;
		};
		933DE5852740FF9700B8E139 /* PBXTargetDependency */ = {
			isa = PBXTargetDependency;
			target = 933DE5612740FF9200B8E139 /* Mandala */;
			targetProxy = 933DE5842740FF9700B8E139 /* PBXContainerItemProxy */;
		};
/* End PBXTargetDependency section */

/* Begin PBXVariantGroup section */
		933DE5702740FF9700B8E139 /* LaunchScreen.storyboard */ = {
			isa = PBXVariantGroup;
			children = (
				933DE5712740FF9700B8E139 /* Base */,
			);
			name = LaunchScreen.storyboard;
			sourceTree = "<group>";
		};
/* End PBXVariantGroup section */

/* Begin XCBuildConfiguration section */
		933DE58A2740FF9700B8E139 /* Debug */ = {
			isa = XCBuildConfiguration;
			buildSettings = {
				ALWAYS_SEARCH_USER_PATHS = NO;
				CLANG_ANALYZER_NONNULL = YES;
				CLANG_ANALYZER_NUMBER_OBJECT_CONVERSION = YES_AGGRESSIVE;
				CLANG_CXX_LANGUAGE_STANDARD = "gnu++14";
				CLANG_CXX_LIBRARY = "libc++";
				CLANG_ENABLE_MODULES = YES;
				CLANG_ENABLE_OBJC_ARC = YES;
				CLANG_ENABLE_OBJC_WEAK = YES;
				CLANG_WARN_BLOCK_CAPTURE_AUTORELEASING = YES;
				CLANG_WARN_BOOL_CONVERSION = YES;
				CLANG_WARN_COMMA = YES;
				CLANG_WARN_CONSTANT_CONVERSION = YES;
				CLANG_WARN_DEPRECATED_OBJC_IMPLEMENTATIONS = YES;
				CLANG_WARN_DIRECT_OBJC_ISA_USAGE = YES_ERROR;
				CLANG_WARN_DOCUMENTATION_COMMENTS = YES;
				CLANG_WARN_EMPTY_BODY = YES;
				CLANG_WARN_ENUM_CONVERSION = YES;
				CLANG_WARN_INFINITE_RECURSION = YES;
				CLANG_WARN_INT_CONVERSION = YES;
				CLANG_WARN_NON_LITERAL_NULL_CONVERSION = YES;
				CLANG_WARN_OBJC_IMPLICIT_RETAIN_SELF = YES;
				CLANG_WARN_OBJC_LITERAL_CONVERSION = YES;
				CLANG_WARN_OBJC_ROOT_CLASS = YES_ERROR;
				CLANG_WARN_QUOTED_INCLUDE_IN_FRAMEWORK_HEADER = YES;
				CLANG_WARN_RANGE_LOOP_ANALYSIS = YES;
				CLANG_WARN_STRICT_PROTOTYPES = YES;
				CLANG_WARN_SUSPICIOUS_MOVE = YES;
				CLANG_WARN_UNGUARDED_AVAILABILITY = YES_AGGRESSIVE;
				CLANG_WARN_UNREACHABLE_CODE = YES;
				CLANG_WARN__DUPLICATE_METHOD_MATCH = YES;
				COPY_PHASE_STRIP = NO;
				DEBUG_INFORMATION_FORMAT = dwarf;
				ENABLE_STRICT_OBJC_MSGSEND = YES;
				ENABLE_TESTABILITY = YES;
				GCC_C_LANGUAGE_STANDARD = gnu11;
				GCC_DYNAMIC_NO_PIC = NO;
				GCC_NO_COMMON_BLOCKS = YES;
				GCC_OPTIMIZATION_LEVEL = 0;
				GCC_PREPROCESSOR_DEFINITIONS = (
					"DEBUG=1",
					"$(inherited)",
				);
				GCC_WARN_64_TO_32_BIT_CONVERSION = YES;
				GCC_WARN_ABOUT_RETURN_TYPE = YES_ERROR;
				GCC_WARN_UNDECLARED_SELECTOR = YES;
				GCC_WARN_UNINITIALIZED_AUTOS = YES_AGGRESSIVE;
				GCC_WARN_UNUSED_FUNCTION = YES;
				GCC_WARN_UNUSED_VARIABLE = YES;
				IPHONEOS_DEPLOYMENT_TARGET = 14.5;
				MTL_ENABLE_DEBUG_INFO = INCLUDE_SOURCE;
				MTL_FAST_MATH = YES;
				ONLY_ACTIVE_ARCH = YES;
				SDKROOT = iphoneos;
				SWIFT_ACTIVE_COMPILATION_CONDITIONS = DEBUG;
				SWIFT_OPTIMIZATION_LEVEL = "-Onone";
			};
			name = Debug;
		};
		933DE58B2740FF9700B8E139 /* Release */ = {
			isa = XCBuildConfiguration;
			buildSettings = {
				ALWAYS_SEARCH_USER_PATHS = NO;
				CLANG_ANALYZER_NONNULL = YES;
				CLANG_ANALYZER_NUMBER_OBJECT_CONVERSION = YES_AGGRESSIVE;
				CLANG_CXX_LANGUAGE_STANDARD = "gnu++14";
				CLANG_CXX_LIBRARY = "libc++";
				CLANG_ENABLE_MODULES = YES;
				CLANG_ENABLE_OBJC_ARC = YES;
				CLANG_ENABLE_OBJC_WEAK = YES;
				CLANG_WARN_BLOCK_CAPTURE_AUTORELEASING = YES;
				CLANG_WARN_BOOL_CONVERSION = YES;
				CLANG_WARN_COMMA = YES;
				CLANG_WARN_CONSTANT_CONVERSION = YES;
				CLANG_WARN_DEPRECATED_OBJC_IMPLEMENTATIONS = YES;
				CLANG_WARN_DIRECT_OBJC_ISA_USAGE = YES_ERROR;
				CLANG_WARN_DOCUMENTATION_COMMENTS = YES;
				CLANG_WARN_EMPTY_BODY = YES;
				CLANG_WARN_ENUM_CONVERSION = YES;
				CLANG_WARN_INFINITE_RECURSION = YES;
				CLANG_WARN_INT_CONVERSION = YES;
				CLANG_WARN_NON_LITERAL_NULL_CONVERSION = YES;
				CLANG_WARN_OBJC_IMPLICIT_RETAIN_SELF = YES;
				CLANG_WARN_OBJC_LITERAL_CONVERSION = YES;
				CLANG_WARN_OBJC_ROOT_CLASS = YES_ERROR;
				CLANG_WARN_QUOTED_INCLUDE_IN_FRAMEWORK_HEADER = YES;
				CLANG_WARN_RANGE_LOOP_ANALYSIS = YES;
				CLANG_WARN_STRICT_PROTOTYPES = YES;
				CLANG_WARN_SUSPICIOUS_MOVE = YES;
				CLANG_WARN_UNGUARDED_AVAILABILITY = YES_AGGRESSIVE;
				CLANG_WARN_UNREACHABLE_CODE = YES;
				CLANG_WARN__DUPLICATE_METHOD_MATCH = YES;
				COPY_PHASE_STRIP = NO;
				DEBUG_INFORMATION_FORMAT = "dwarf-with-dsym";
				ENABLE_NS_ASSERTIONS = NO;
				ENABLE_STRICT_OBJC_MSGSEND = YES;
				GCC_C_LANGUAGE_STANDARD = gnu11;
				GCC_NO_COMMON_BLOCKS = YES;
				GCC_WARN_64_TO_32_BIT_CONVERSION = YES;
				GCC_WARN_ABOUT_RETURN_TYPE = YES_ERROR;
				GCC_WARN_UNDECLARED_SELECTOR = YES;
				GCC_WARN_UNINITIALIZED_AUTOS = YES_AGGRESSIVE;
				GCC_WARN_UNUSED_FUNCTION = YES;
				GCC_WARN_UNUSED_VARIABLE = YES;
				IPHONEOS_DEPLOYMENT_TARGET = 14.5;
				MTL_ENABLE_DEBUG_INFO = NO;
				MTL_FAST_MATH = YES;
				SDKROOT = iphoneos;
				SWIFT_COMPILATION_MODE = wholemodule;
				SWIFT_OPTIMIZATION_LEVEL = "-O";
				VALIDATE_PRODUCT = YES;
			};
			name = Release;
		};
		933DE58D2740FF9700B8E139 /* Debug */ = {
			isa = XCBuildConfiguration;
			buildSettings = {
				ASSETCATALOG_COMPILER_APPICON_NAME = AppIcon;
				ASSETCATALOG_COMPILER_GLOBAL_ACCENT_COLOR_NAME = AccentColor;
				CODE_SIGN_STYLE = Automatic;
				DEVELOPMENT_TEAM = UZBZZ66925;
				INFOPLIST_FILE = Mandala/Info.plist;
				LD_RUNPATH_SEARCH_PATHS = (
					"$(inherited)",
					"@executable_path/Frameworks",
				);
				PRODUCT_BUNDLE_IDENTIFIER = DanielBelokursky.Mandala;
				PRODUCT_NAME = "$(TARGET_NAME)";
				SWIFT_VERSION = 5.0;
				TARGETED_DEVICE_FAMILY = "1,2";
			};
			name = Debug;
		};
		933DE58E2740FF9700B8E139 /* Release */ = {
			isa = XCBuildConfiguration;
			buildSettings = {
				ASSETCATALOG_COMPILER_APPICON_NAME = AppIcon;
				ASSETCATALOG_COMPILER_GLOBAL_ACCENT_COLOR_NAME = AccentColor;
				CODE_SIGN_STYLE = Automatic;
				DEVELOPMENT_TEAM = UZBZZ66925;
				INFOPLIST_FILE = Mandala/Info.plist;
				LD_RUNPATH_SEARCH_PATHS = (
					"$(inherited)",
					"@executable_path/Frameworks",
				);
				PRODUCT_BUNDLE_IDENTIFIER = DanielBelokursky.Mandala;
				PRODUCT_NAME = "$(TARGET_NAME)";
				SWIFT_VERSION = 5.0;
				TARGETED_DEVICE_FAMILY = "1,2";
			};
			name = Release;
		};
		933DE5902740FF9700B8E139 /* Debug */ = {
			isa = XCBuildConfiguration;
			buildSettings = {
				ALWAYS_EMBED_SWIFT_STANDARD_LIBRARIES = YES;
				BUNDLE_LOADER = "$(TEST_HOST)";
				CODE_SIGN_STYLE = Automatic;
				DEVELOPMENT_TEAM = UZBZZ66925;
				INFOPLIST_FILE = MandalaTests/Info.plist;
				IPHONEOS_DEPLOYMENT_TARGET = 14.5;
				LD_RUNPATH_SEARCH_PATHS = (
					"$(inherited)",
					"@executable_path/Frameworks",
					"@loader_path/Frameworks",
				);
				PRODUCT_BUNDLE_IDENTIFIER = DanielBelokursky.MandalaTests;
				PRODUCT_NAME = "$(TARGET_NAME)";
				SWIFT_VERSION = 5.0;
				TARGETED_DEVICE_FAMILY = "1,2";
				TEST_HOST = "$(BUILT_PRODUCTS_DIR)/Mandala.app/Mandala";
			};
			name = Debug;
		};
		933DE5912740FF9700B8E139 /* Release */ = {
			isa = XCBuildConfiguration;
			buildSettings = {
				ALWAYS_EMBED_SWIFT_STANDARD_LIBRARIES = YES;
				BUNDLE_LOADER = "$(TEST_HOST)";
				CODE_SIGN_STYLE = Automatic;
				DEVELOPMENT_TEAM = UZBZZ66925;
				INFOPLIST_FILE = MandalaTests/Info.plist;
				IPHONEOS_DEPLOYMENT_TARGET = 14.5;
				LD_RUNPATH_SEARCH_PATHS = (
					"$(inherited)",
					"@executable_path/Frameworks",
					"@loader_path/Frameworks",
				);
				PRODUCT_BUNDLE_IDENTIFIER = DanielBelokursky.MandalaTests;
				PRODUCT_NAME = "$(TARGET_NAME)";
				SWIFT_VERSION = 5.0;
				TARGETED_DEVICE_FAMILY = "1,2";
				TEST_HOST = "$(BUILT_PRODUCTS_DIR)/Mandala.app/Mandala";
			};
			name = Release;
		};
		933DE5932740FF9700B8E139 /* Debug */ = {
			isa = XCBuildConfiguration;
			buildSettings = {
				ALWAYS_EMBED_SWIFT_STANDARD_LIBRARIES = YES;
				CODE_SIGN_STYLE = Automatic;
				DEVELOPMENT_TEAM = UZBZZ66925;
				INFOPLIST_FILE = MandalaUITests/Info.plist;
				LD_RUNPATH_SEARCH_PATHS = (
					"$(inherited)",
					"@executable_path/Frameworks",
					"@loader_path/Frameworks",
				);
				PRODUCT_BUNDLE_IDENTIFIER = DanielBelokursky.MandalaUITests;
				PRODUCT_NAME = "$(TARGET_NAME)";
				SWIFT_VERSION = 5.0;
				TARGETED_DEVICE_FAMILY = "1,2";
				TEST_TARGET_NAME = Mandala;
			};
			name = Debug;
		};
		933DE5942740FF9700B8E139 /* Release */ = {
			isa = XCBuildConfiguration;
			buildSettings = {
				ALWAYS_EMBED_SWIFT_STANDARD_LIBRARIES = YES;
				CODE_SIGN_STYLE = Automatic;
				DEVELOPMENT_TEAM = UZBZZ66925;
				INFOPLIST_FILE = MandalaUITests/Info.plist;
				LD_RUNPATH_SEARCH_PATHS = (
					"$(inherited)",
					"@executable_path/Frameworks",
					"@loader_path/Frameworks",
				);
				PRODUCT_BUNDLE_IDENTIFIER = DanielBelokursky.MandalaUITests;
				PRODUCT_NAME = "$(TARGET_NAME)";
				SWIFT_VERSION = 5.0;
				TARGETED_DEVICE_FAMILY = "1,2";
				TEST_TARGET_NAME = Mandala;
			};
			name = Release;
		};
/* End XCBuildConfiguration section */

/* Begin XCConfigurationList section */
		933DE55D2740FF9200B8E139 /* Build configuration list for PBXProject "Mandala" */ = {
			isa = XCConfigurationList;
			buildConfigurations = (
				933DE58A2740FF9700B8E139 /* Debug */,
				933DE58B2740FF9700B8E139 /* Release */,
			);
			defaultConfigurationIsVisible = 0;
			defaultConfigurationName = Release;
		};
		933DE58C2740FF9700B8E139 /* Build configuration list for PBXNativeTarget "Mandala" */ = {
			isa = XCConfigurationList;
			buildConfigurations = (
				933DE58D2740FF9700B8E139 /* Debug */,
				933DE58E2740FF9700B8E139 /* Release */,
			);
			defaultConfigurationIsVisible = 0;
			defaultConfigurationName = Release;
		};
		933DE58F2740FF9700B8E139 /* Build configuration list for PBXNativeTarget "MandalaTests" */ = {
			isa = XCConfigurationList;
			buildConfigurations = (
				933DE5902740FF9700B8E139 /* Debug */,
				933DE5912740FF9700B8E139 /* Release */,
			);
			defaultConfigurationIsVisible = 0;
			defaultConfigurationName = Release;
		};
		933DE5922740FF9700B8E139 /* Build configuration list for PBXNativeTarget "MandalaUITests" */ = {
			isa = XCConfigurationList;
			buildConfigurations = (
				933DE5932740FF9700B8E139 /* Debug */,
				933DE5942740FF9700B8E139 /* Release */,
			);
			defaultConfigurationIsVisible = 0;
			defaultConfigurationName = Release;
		};
/* End XCConfigurationList section */
	};
	rootObject = 933DE55A2740FF9200B8E139 /* Project object */;
}
