// !$*UTF8*$!
{
	archiveVersion = 1;
	classes = {
	};
	objectVersion = 50;
	objects = {

/* Begin PBXBuildFile section */
		934D06CF27BA8E5F00089474 /* main.m in Sources */ = {isa = PBXBuildFile; fileRef = 934D06CE27BA8E5F00089474 /* main.m */; };
		935608D827BB8624008EF40E /* Government.m in Sources */ = {isa = PBXBuildFile; fileRef = 935608D727BB8624008EF40E /* Government.m */; };
		935608DE27BB9883008EF40E /* Doc.m in Sources */ = {isa = PBXBuildFile; fileRef = 935608DD27BB9883008EF40E /* Doc.m */; };
		935608E127BB99A7008EF40E /* CEO.m in Sources */ = {isa = PBXBuildFile; fileRef = 935608E027BB99A7008EF40E /* CEO.m */; };
		935608E427BB99E8008EF40E /* OldGuy.m in Sources */ = {isa = PBXBuildFile; fileRef = 935608E327BB99E8008EF40E /* OldGuy.m */; };
/* End PBXBuildFile section */

/* Begin PBXCopyFilesBuildPhase section */
		934D06C927BA8E5F00089474 /* CopyFiles */ = {
			isa = PBXCopyFilesBuildPhase;
			buildActionMask = 2147483647;
			dstPath = /usr/share/man/man1/;
			dstSubfolderSpec = 0;
			files = (
			);
			runOnlyForDeploymentPostprocessing = 1;
		};
/* End PBXCopyFilesBuildPhase section */

/* Begin PBXFileReference section */
		934D06CB27BA8E5F00089474 /* Notifications */ = {isa = PBXFileReference; explicitFileType = "compiled.mach-o.executable"; includeInIndex = 0; path = Notifications; sourceTree = BUILT_PRODUCTS_DIR; };
		934D06CE27BA8E5F00089474 /* main.m */ = {isa = PBXFileReference; lastKnownFileType = sourcecode.c.objc; path = main.m; sourceTree = "<group>"; };
		935608D627BB8624008EF40E /* Government.h */ = {isa = PBXFileReference; lastKnownFileType = sourcecode.c.h; path = Government.h; sourceTree = "<group>"; };
		935608D727BB8624008EF40E /* Government.m */ = {isa = PBXFileReference; lastKnownFileType = sourcecode.c.objc; path = Government.m; sourceTree = "<group>"; };
		935608DC27BB9883008EF40E /* Doc.h */ = {isa = PBXFileReference; lastKnownFileType = sourcecode.c.h; path = Doc.h; sourceTree = "<group>"; };
		935608DD27BB9883008EF40E /* Doc.m */ = {isa = PBXFileReference; lastKnownFileType = sourcecode.c.objc; path = Doc.m; sourceTree = "<group>"; };
		935608DF27BB99A7008EF40E /* CEO.h */ = {isa = PBXFileReference; lastKnownFileType = sourcecode.c.h; path = CEO.h; sourceTree = "<group>"; };
		935608E027BB99A7008EF40E /* CEO.m */ = {isa = PBXFileReference; lastKnownFileType = sourcecode.c.objc; path = CEO.m; sourceTree = "<group>"; };
		935608E227BB99E8008EF40E /* OldGuy.h */ = {isa = PBXFileReference; lastKnownFileType = sourcecode.c.h; path = OldGuy.h; sourceTree = "<group>"; };
		935608E327BB99E8008EF40E /* OldGuy.m */ = {isa = PBXFileReference; lastKnownFileType = sourcecode.c.objc; path = OldGuy.m; sourceTree = "<group>"; };
/* End PBXFileReference section */

/* Begin PBXFrameworksBuildPhase section */
		934D06C827BA8E5F00089474 /* Frameworks */ = {
			isa = PBXFrameworksBuildPhase;
			buildActionMask = 2147483647;
			files = (
			);
			runOnlyForDeploymentPostprocessing = 0;
		};
/* End PBXFrameworksBuildPhase section */

/* Begin PBXGroup section */
		934D06C227BA8E5F00089474 = {
			isa = PBXGroup;
			children = (
				934D06CD27BA8E5F00089474 /* Notifications */,
				934D06CC27BA8E5F00089474 /* Products */,
			);
			sourceTree = "<group>";
		};
		934D06CC27BA8E5F00089474 /* Products */ = {
			isa = PBXGroup;
			children = (
				934D06CB27BA8E5F00089474 /* Notifications */,
			);
			name = Products;
			sourceTree = "<group>";
		};
		934D06CD27BA8E5F00089474 /* Notifications */ = {
			isa = PBXGroup;
			children = (
				934D06CE27BA8E5F00089474 /* main.m */,
				935608DC27BB9883008EF40E /* Doc.h */,
				935608DD27BB9883008EF40E /* Doc.m */,
				935608DF27BB99A7008EF40E /* CEO.h */,
				935608E027BB99A7008EF40E /* CEO.m */,
				935608E227BB99E8008EF40E /* OldGuy.h */,
				935608E327BB99E8008EF40E /* OldGuy.m */,
				935608D627BB8624008EF40E /* Government.h */,
				935608D727BB8624008EF40E /* Government.m */,
			);
			path = Notifications;
			sourceTree = "<group>";
		};
/* End PBXGroup section */

/* Begin PBXNativeTarget section */
		934D06CA27BA8E5F00089474 /* Notifications */ = {
			isa = PBXNativeTarget;
			buildConfigurationList = 934D06D227BA8E5F00089474 /* Build configuration list for PBXNativeTarget "Notifications" */;
			buildPhases = (
				934D06C727BA8E5F00089474 /* Sources */,
				934D06C827BA8E5F00089474 /* Frameworks */,
				934D06C927BA8E5F00089474 /* CopyFiles */,
			);
			buildRules = (
			);
			dependencies = (
			);
			name = Notifications;
			productName = Notifications;
			productReference = 934D06CB27BA8E5F00089474 /* Notifications */;
			productType = "com.apple.product-type.tool";
		};
/* End PBXNativeTarget section */

/* Begin PBXProject section */
		934D06C327BA8E5F00089474 /* Project object */ = {
			isa = PBXProject;
			attributes = {
				LastUpgradeCheck = 1250;
				TargetAttributes = {
					934D06CA27BA8E5F00089474 = {
						CreatedOnToolsVersion = 12.5.1;
					};
				};
			};
			buildConfigurationList = 934D06C627BA8E5F00089474 /* Build configuration list for PBXProject "Notifications" */;
			compatibilityVersion = "Xcode 9.3";
			developmentRegion = en;
			hasScannedForEncodings = 0;
			knownRegions = (
				en,
				Base,
			);
			mainGroup = 934D06C227BA8E5F00089474;
			productRefGroup = 934D06CC27BA8E5F00089474 /* Products */;
			projectDirPath = "";
			projectRoot = "";
			targets = (
				934D06CA27BA8E5F00089474 /* Notifications */,
			);
		};
/* End PBXProject section */

/* Begin PBXSourcesBuildPhase section */
		934D06C727BA8E5F00089474 /* Sources */ = {
			isa = PBXSourcesBuildPhase;
			buildActionMask = 2147483647;
			files = (
				935608E427BB99E8008EF40E /* OldGuy.m in Sources */,
				935608D827BB8624008EF40E /* Government.m in Sources */,
				935608DE27BB9883008EF40E /* Doc.m in Sources */,
				935608E127BB99A7008EF40E /* CEO.m in Sources */,
				934D06CF27BA8E5F00089474 /* main.m in Sources */,
			);
			runOnlyForDeploymentPostprocessing = 0;
		};
/* End PBXSourcesBuildPhase section */

/* Begin XCBuildConfiguration section */
		934D06D027BA8E5F00089474 /* Debug */ = {
			isa = XCBuildConfiguration;
			buildSettings = {
				ALWAYS_SEARCH_USER_PATHS = NO;
				CLANG_ANALYZER_NONNULL = YES;
				CLANG_ANALYZER_NUMBER_OBJECT_CONVERSION = YES_AGGRESSIVE;
				CLANG_CXX_LANGUAGE_STANDARD = "gnu++14";
				CLANG_CXX_LIBRARY = "libc++";
				CLANG_ENABLE_MODULES = YES;
				CLANG_ENABLE_OBJC_ARC = YES;
				CLANG_ENABLE_OBJC_WEAK = YES;
				CLANG_WARN_BLOCK_CAPTURE_AUTORELEASING = YES;
				CLANG_WARN_BOOL_CONVERSION = YES;
				CLANG_WARN_COMMA = YES;
				CLANG_WARN_CONSTANT_CONVERSION = YES;
				CLANG_WARN_DEPRECATED_OBJC_IMPLEMENTATIONS = YES;
				CLANG_WARN_DIRECT_OBJC_ISA_USAGE = YES_ERROR;
				CLANG_WARN_DOCUMENTATION_COMMENTS = YES;
				CLANG_WARN_EMPTY_BODY = YES;
				CLANG_WARN_ENUM_CONVERSION = YES;
				CLANG_WARN_INFINITE_RECURSION = YES;
				CLANG_WARN_INT_CONVERSION = YES;
				CLANG_WARN_NON_LITERAL_NULL_CONVERSION = YES;
				CLANG_WARN_OBJC_IMPLICIT_RETAIN_SELF = YES;
				CLANG_WARN_OBJC_LITERAL_CONVERSION = YES;
				CLANG_WARN_OBJC_ROOT_CLASS = YES_ERROR;
				CLANG_WARN_QUOTED_INCLUDE_IN_FRAMEWORK_HEADER = YES;
				CLANG_WARN_RANGE_LOOP_ANALYSIS = YES;
				CLANG_WARN_STRICT_PROTOTYPES = YES;
				CLANG_WARN_SUSPICIOUS_MOVE = YES;
				CLANG_WARN_UNGUARDED_AVAILABILITY = YES_AGGRESSIVE;
				CLANG_WARN_UNREACHABLE_CODE = YES;
				CLANG_WARN__DUPLICATE_METHOD_MATCH = YES;
				COPY_PHASE_STRIP = NO;
				DEBUG_INFORMATION_FORMAT = dwarf;
				ENABLE_STRICT_OBJC_MSGSEND = YES;
				ENABLE_TESTABILITY = YES;
				GCC_C_LANGUAGE_STANDARD = gnu11;
				GCC_DYNAMIC_NO_PIC = NO;
				GCC_NO_COMMON_BLOCKS = YES;
				GCC_OPTIMIZATION_LEVEL = 0;
				GCC_PREPROCESSOR_DEFINITIONS = (
					"DEBUG=1",
					"$(inherited)",
				);
				GCC_WARN_64_TO_32_BIT_CONVERSION = YES;
				GCC_WARN_ABOUT_RETURN_TYPE = YES_ERROR;
				GCC_WARN_UNDECLARED_SELECTOR = YES;
				GCC_WARN_UNINITIALIZED_AUTOS = YES_AGGRESSIVE;
				GCC_WARN_UNUSED_FUNCTION = YES;
				GCC_WARN_UNUSED_VARIABLE = YES;
				MACOSX_DEPLOYMENT_TARGET = 11.3;
				MTL_ENABLE_DEBUG_INFO = INCLUDE_SOURCE;
				MTL_FAST_MATH = YES;
				ONLY_ACTIVE_ARCH = YES;
				SDKROOT = macosx;
			};
			name = Debug;
		};
		934D06D127BA8E5F00089474 /* Release */ = {
			isa = XCBuildConfiguration;
			buildSettings = {
				ALWAYS_SEARCH_USER_PATHS = NO;
				CLANG_ANALYZER_NONNULL = YES;
				CLANG_ANALYZER_NUMBER_OBJECT_CONVERSION = YES_AGGRESSIVE;
				CLANG_CXX_LANGUAGE_STANDARD = "gnu++14";
				CLANG_CXX_LIBRARY = "libc++";
				CLANG_ENABLE_MODULES = YES;
				CLANG_ENABLE_OBJC_ARC = YES;
				CLANG_ENABLE_OBJC_WEAK = YES;
				CLANG_WARN_BLOCK_CAPTURE_AUTORELEASING = YES;
				CLANG_WARN_BOOL_CONVERSION = YES;
				CLANG_WARN_COMMA = YES;
				CLANG_WARN_CONSTANT_CONVERSION = YES;
				CLANG_WARN_DEPRECATED_OBJC_IMPLEMENTATIONS = YES;
				CLANG_WARN_DIRECT_OBJC_ISA_USAGE = YES_ERROR;
				CLANG_WARN_DOCUMENTATION_COMMENTS = YES;
				CLANG_WARN_EMPTY_BODY = YES;
				CLANG_WARN_ENUM_CONVERSION = YES;
				CLANG_WARN_INFINITE_RECURSION = YES;
				CLANG_WARN_INT_CONVERSION = YES;
				CLANG_WARN_NON_LITERAL_NULL_CONVERSION = YES;
				CLANG_WARN_OBJC_IMPLICIT_RETAIN_SELF = YES;
				CLANG_WARN_OBJC_LITERAL_CONVERSION = YES;
				CLANG_WARN_OBJC_ROOT_CLASS = YES_ERROR;
				CLANG_WARN_QUOTED_INCLUDE_IN_FRAMEWORK_HEADER = YES;
				CLANG_WARN_RANGE_LOOP_ANALYSIS = YES;
				CLANG_WARN_STRICT_PROTOTYPES = YES;
				CLANG_WARN_SUSPICIOUS_MOVE = YES;
				CLANG_WARN_UNGUARDED_AVAILABILITY = YES_AGGRESSIVE;
				CLANG_WARN_UNREACHABLE_CODE = YES;
				CLANG_WARN__DUPLICATE_METHOD_MATCH = YES;
				COPY_PHASE_STRIP = NO;
				DEBUG_INFORMATION_FORMAT = "dwarf-with-dsym";
				ENABLE_NS_ASSERTIONS = NO;
				ENABLE_STRICT_OBJC_MSGSEND = YES;
				GCC_C_LANGUAGE_STANDARD = gnu11;
				GCC_NO_COMMON_BLOCKS = YES;
				GCC_WARN_64_TO_32_BIT_CONVERSION = YES;
				GCC_WARN_ABOUT_RETURN_TYPE = YES_ERROR;
				GCC_WARN_UNDECLARED_SELECTOR = YES;
				GCC_WARN_UNINITIALIZED_AUTOS = YES_AGGRESSIVE;
				GCC_WARN_UNUSED_FUNCTION = YES;
				GCC_WARN_UNUSED_VARIABLE = YES;
				MACOSX_DEPLOYMENT_TARGET = 11.3;
				MTL_ENABLE_DEBUG_INFO = NO;
				MTL_FAST_MATH = YES;
				SDKROOT = macosx;
			};
			name = Release;
		};
		934D06D327BA8E5F00089474 /* Debug */ = {
			isa = XCBuildConfiguration;
			buildSettings = {
				CODE_SIGN_STYLE = Automatic;
				DEVELOPMENT_TEAM = UZBZZ66925;
				ENABLE_HARDENED_RUNTIME = YES;
				PRODUCT_NAME = "$(TARGET_NAME)";
			};
			name = Debug;
		};
		934D06D427BA8E5F00089474 /* Release */ = {
			isa = XCBuildConfiguration;
			buildSettings = {
				CODE_SIGN_STYLE = Automatic;
				DEVELOPMENT_TEAM = UZBZZ66925;
				ENABLE_HARDENED_RUNTIME = YES;
				PRODUCT_NAME = "$(TARGET_NAME)";
			};
			name = Release;
		};
/* End XCBuildConfiguration section */

/* Begin XCConfigurationList section */
		934D06C627BA8E5F00089474 /* Build configuration list for PBXProject "Notifications" */ = {
			isa = XCConfigurationList;
			buildConfigurations = (
				934D06D027BA8E5F00089474 /* Debug */,
				934D06D127BA8E5F00089474 /* Release */,
			);
			defaultConfigurationIsVisible = 0;
			defaultConfigurationName = Release;
		};
		934D06D227BA8E5F00089474 /* Build configuration list for PBXNativeTarget "Notifications" */ = {
			isa = XCConfigurationList;
			buildConfigurations = (
				934D06D327BA8E5F00089474 /* Debug */,
				934D06D427BA8E5F00089474 /* Release */,
			);
			defaultConfigurationIsVisible = 0;
			defaultConfigurationName = Release;
		};
/* End XCConfigurationList section */
	};
	rootObject = 934D06C327BA8E5F00089474 /* Project object */;
}
